
Microsoft Visual Studio Solution File, Format Version 11.00
# Visual Studio 2010
Project("{FAE04EC0-301F-11D3-BF4B-00C04F79EFBC}") = "ObserverPattern", "ObserverPattern\ObserverPattern.csproj", "{97F8CEDE-2DDA-43CA-8222-5043EF5A1CFB}"
EndProject
Project("{FAE04EC0-301F-11D3-BF4B-00C04F79EFBC}") = "ObserverPatternDelegates", "ObserverPatternDelegates\ObserverPatternDelegates.csproj", "{67FB74C5-ACA6-4AA4-8A4B-E0E0BCBE087D}"
EndProject
Project("{FAE04EC0-301F-11D3-BF4B-00C04F79EFBC}") = "ObserverPatternRunner", "ObserverPatternRunner\ObserverPatternRunner.csproj", "{A9CA4CB3-66DF-4B37-9406-C8D50238CFAC}"
EndProject
Global
	GlobalSection(SolutionConfigurationPlatforms) = preSolution
		Debug|Any CPU = Debug|Any CPU
		Debug|Mixed Platforms = Debug|Mixed Platforms
		Debug|x86 = Debug|x86
		Release|Any CPU = Release|Any CPU
		Release|Mixed Platforms = Release|Mixed Platforms
		Release|x86 = Release|x86
	EndGlobalSection
	GlobalSection(ProjectConfigurationPlatforms) = postSolution
		{97F8CEDE-2DDA-43CA-8222-5043EF5A1CFB}.Debug|Any CPU.ActiveCfg = Debug|x86
		{97F8CEDE-2DDA-43CA-8222-5043EF5A1CFB}.Debug|Mixed Platforms.ActiveCfg = Debug|x86
		{97F8CEDE-2DDA-43CA-8222-5043EF5A1CFB}.Debug|Mixed Platforms.Build.0 = Debug|x86
		{97F8CEDE-2DDA-43CA-8222-5043EF5A1CFB}.Debug|x86.ActiveCfg = Debug|x86
		{97F8CEDE-2DDA-43CA-8222-5043EF5A1CFB}.Debug|x86.Build.0 = Debug|x86
		{97F8CEDE-2DDA-43CA-8222-5043EF5A1CFB}.Release|Any CPU.ActiveCfg = Release|x86
		{97F8CEDE-2DDA-43CA-8222-5043EF5A1CFB}.Release|Mixed Platforms.ActiveCfg = Release|x86
		{97F8CEDE-2DDA-43CA-8222-5043EF5A1CFB}.Release|Mixed Platforms.Build.0 = Release|x86
		{97F8CEDE-2DDA-43CA-8222-5043EF5A1CFB}.Release|x86.ActiveCfg = Release|x86
		{97F8CEDE-2DDA-43CA-8222-5043EF5A1CFB}.Release|x86.Build.0 = Release|x86
		{67FB74C5-ACA6-4AA4-8A4B-E0E0BCBE087D}.Debug|Any CPU.ActiveCfg = Debug|x86
		{67FB74C5-ACA6-4AA4-8A4B-E0E0BCBE087D}.Debug|Mixed Platforms.ActiveCfg = Debug|x86
		{67FB74C5-ACA6-4AA4-8A4B-E0E0BCBE087D}.Debug|Mixed Platforms.Build.0 = Debug|x86
		{67FB74C5-ACA6-4AA4-8A4B-E0E0BCBE087D}.Debug|x86.ActiveCfg = Debug|x86
		{67FB74C5-ACA6-4AA4-8A4B-E0E0BCBE087D}.Debug|x86.Build.0 = Debug|x86
		{67FB74C5-ACA6-4AA4-8A4B-E0E0BCBE087D}.Release|Any CPU.ActiveCfg = Release|x86
		{67FB74C5-ACA6-4AA4-8A4B-E0E0BCBE087D}.Release|Mixed Platforms.ActiveCfg = Release|x86
		{67FB74C5-ACA6-4AA4-8A4B-E0E0BCBE087D}.Release|Mixed Platforms.Build.0 = Release|x86
		{67FB74C5-ACA6-4AA4-8A4B-E0E0BCBE087D}.Release|x86.ActiveCfg = Release|x86
		{67FB74C5-ACA6-4AA4-8A4B-E0E0BCBE087D}.Release|x86.Build.0 = Release|x86
		{A9CA4CB3-66DF-4B37-9406-C8D50238CFAC}.Debug|Any CPU.ActiveCfg = Debug|Any CPU
		{A9CA4CB3-66DF-4B37-9406-C8D50238CFAC}.Debug|Any CPU.Build.0 = Debug|Any CPU
		{A9CA4CB3-66DF-4B37-9406-C8D50238CFAC}.Debug|Mixed Platforms.ActiveCfg = Debug|Any CPU
		{A9CA4CB3-66DF-4B37-9406-C8D50238CFAC}.Debug|Mixed Platforms.Build.0 = Debug|Any CPU
		{A9CA4CB3-66DF-4B37-9406-C8D50238CFAC}.Debug|x86.ActiveCfg = Debug|Any CPU
		{A9CA4CB3-66DF-4B37-9406-C8D50238CFAC}.Release|Any CPU.ActiveCfg = Release|Any CPU
		{A9CA4CB3-66DF-4B37-9406-C8D50238CFAC}.Release|Any CPU.Build.0 = Release|Any CPU
		{A9CA4CB3-66DF-4B37-9406-C8D50238CFAC}.Release|Mixed Platforms.ActiveCfg = Release|Any CPU
		{A9CA4CB3-66DF-4B37-9406-C8D50238CFAC}.Release|Mixed Platforms.Build.0 = Release|Any CPU
		{A9CA4CB3-66DF-4B37-9406-C8D50238CFAC}.Release|x86.ActiveCfg = Release|Any CPU
	EndGlobalSection
	GlobalSection(SolutionProperties) = preSolution
		HideSolutionNode = FALSE
	EndGlobalSection
EndGlobal
